
Microsoft Visual Studio Solution File, Format Version 12.00
# Visual Studio Version 17
VisualStudioVersion = 17.0.31903.59
MinimumVisualStudioVersion = 10.0.40219.1
Project("{2150E333-8FDC-42A3-9474-1A3956D46DE8}") = "src", "src", "{B984D850-6C00-48F1-BC6E-071EA3890022}"
EndProject
Project("{FAE04EC0-301F-11D3-BF4B-00C04F79EFBC}") = "HaelpMi.Core", "src\HaelpMi.Core\HaelpMi.Core.csproj", "{2943292A-20A7-4432-B69D-4FFDB9F6CC29}"
EndProject
Project("{FAE04EC0-301F-11D3-BF4B-00C04F79EFBC}") = "HaelpMi.UI", "src\HaelpMi.UI\HaelpMi.UI.csproj", "{EDF64559-1BC0-446C-8710-DF455E652783}"
EndProject
Project("{FAE04EC0-301F-11D3-BF4B-00C04F79EFBC}") = "HaelpMi.Agent", "src\HaelpMi.Agent\HaelpMi.Agent.csproj", "{AB084D14-5002-47A4-827B-15202799EDC9}"
EndProject
Project("{FAE04EC0-301F-11D3-BF4B-00C04F79EFBC}") = "HaelpMi.Config", "src\HaelpMi.Config\HaelpMi.Config.csproj", "{187D6785-D550-4B19-8717-93E6055217E6}"
EndProject
Project("{FAE04EC0-301F-11D3-BF4B-00C04F79EFBC}") = "HaelpMi.InstallCreator", "src\HaelpMi.InstallCreator\HaelpMi.InstallCreator.csproj", "{344D2FD5-4952-4A26-81E4-90AFCE066954}"
EndProject
Project("{FAE04EC0-301F-11D3-BF4B-00C04F79EFBC}") = "HaelpMi.UpdateService", "src\HaelpMi.UpdateService\HaelpMi.UpdateService.csproj", "{E0595E4C-9671-4606-AD5D-22D0B7BB40B1}"
EndProject
Project("{FAE04EC0-301F-11D3-BF4B-00C04F79EFBC}") = "HaelpMi.UpdateSigner", "src\HaelpMi.UpdateSigner\HaelpMi.UpdateSigner.csproj", "{20A44D56-FA2E-4241-A5B8-4529AD9FACEA}"
EndProject
Project("{FAE04EC0-301F-11D3-BF4B-00C04F79EFBC}") = "HaelpMi.LicenseSigner", "src\HaelpMi.LicenseSigner\HaelpMi.LicenseSigner.csproj", "{AF369513-7355-440C-BB98-C2B2F9663EDD}"
EndProject
Project("{FAE04EC0-301F-11D3-BF4B-00C04F79EFBC}") = "HaelpMi.UpdateBootstrapper", "src\HaelpMi.UpdateBootstrapper\HaelpMi.UpdateBootstrapper.csproj", "{1B241756-48F0-4E8A-BD9F-D8EBE9711885}"
EndProject
Project("{2150E333-8FDC-42A3-9474-1A3956D46DE8}") = "tests", "tests", "{7365C4D7-4946-437C-A5FF-04080622CAF7}"
EndProject
Project("{FAE04EC0-301F-11D3-BF4B-00C04F79EFBC}") = "HaelpMi.Core.Tests", "tests\HaelpMi.Core.Tests\HaelpMi.Core.Tests.csproj", "{1F3B82C7-2100-4217-B8C4-936E63055565}"
EndProject
Project("{FAE04EC0-301F-11D3-BF4B-00C04F79EFBC}") = "HaelpMi.Installer.Tests", "tests\HaelpMi.Installer.Tests\HaelpMi.Installer.Tests.csproj", "{C60B93AC-8B1D-4178-96E4-D2698F2DB73A}"
EndProject
Project("{FAE04EC0-301F-11D3-BF4B-00C04F79EFBC}") = "HaelpMi.Audio.Tests", "tests\HaelpMi.Audio.Tests\HaelpMi.Audio.Tests.csproj", "{C99A57D8-3098-4645-942F-77A2510B11D9}"
EndProject
Global
	GlobalSection(SolutionConfigurationPlatforms) = preSolution
		Debug|Any CPU = Debug|Any CPU
		Release|Any CPU = Release|Any CPU
	EndGlobalSection
	GlobalSection(SolutionProperties) = preSolution
		HideSolutionNode = FALSE
	EndGlobalSection
	GlobalSection(ProjectConfigurationPlatforms) = postSolution
		{2943292A-20A7-4432-B69D-4FFDB9F6CC29}.Debug|Any CPU.ActiveCfg = Debug|x64
		{2943292A-20A7-4432-B69D-4FFDB9F6CC29}.Debug|Any CPU.Build.0 = Debug|x64
		{2943292A-20A7-4432-B69D-4FFDB9F6CC29}.Release|Any CPU.ActiveCfg = Release|x64
		{2943292A-20A7-4432-B69D-4FFDB9F6CC29}.Release|Any CPU.Build.0 = Release|x64
		{EDF64559-1BC0-446C-8710-DF455E652783}.Debug|Any CPU.ActiveCfg = Debug|x64
		{EDF64559-1BC0-446C-8710-DF455E652783}.Debug|Any CPU.Build.0 = Debug|x64
		{EDF64559-1BC0-446C-8710-DF455E652783}.Release|Any CPU.ActiveCfg = Release|x64
		{EDF64559-1BC0-446C-8710-DF455E652783}.Release|Any CPU.Build.0 = Release|x64
		{AB084D14-5002-47A4-827B-15202799EDC9}.Debug|Any CPU.ActiveCfg = Debug|x64
		{AB084D14-5002-47A4-827B-15202799EDC9}.Debug|Any CPU.Build.0 = Debug|x64
		{AB084D14-5002-47A4-827B-15202799EDC9}.Release|Any CPU.ActiveCfg = Release|x64
		{AB084D14-5002-47A4-827B-15202799EDC9}.Release|Any CPU.Build.0 = Release|x64
		{187D6785-D550-4B19-8717-93E6055217E6}.Debug|Any CPU.ActiveCfg = Debug|x64
		{187D6785-D550-4B19-8717-93E6055217E6}.Debug|Any CPU.Build.0 = Debug|x64
		{187D6785-D550-4B19-8717-93E6055217E6}.Release|Any CPU.ActiveCfg = Release|x64
		{187D6785-D550-4B19-8717-93E6055217E6}.Release|Any CPU.Build.0 = Release|x64
		{344D2FD5-4952-4A26-81E4-90AFCE066954}.Debug|Any CPU.ActiveCfg = Debug|x64
		{344D2FD5-4952-4A26-81E4-90AFCE066954}.Debug|Any CPU.Build.0 = Debug|x64
		{344D2FD5-4952-4A26-81E4-90AFCE066954}.Release|Any CPU.ActiveCfg = Release|x64
		{344D2FD5-4952-4A26-81E4-90AFCE066954}.Release|Any CPU.Build.0 = Release|x64
		{E0595E4C-9671-4606-AD5D-22D0B7BB40B1}.Debug|Any CPU.ActiveCfg = Debug|x64
		{E0595E4C-9671-4606-AD5D-22D0B7BB40B1}.Debug|Any CPU.Build.0 = Debug|x64
		{E0595E4C-9671-4606-AD5D-22D0B7BB40B1}.Release|Any CPU.ActiveCfg = Release|x64
		{E0595E4C-9671-4606-AD5D-22D0B7BB40B1}.Release|Any CPU.Build.0 = Release|x64
		{20A44D56-FA2E-4241-A5B8-4529AD9FACEA}.Debug|Any CPU.ActiveCfg = Debug|Any CPU
		{20A44D56-FA2E-4241-A5B8-4529AD9FACEA}.Debug|Any CPU.Build.0 = Debug|Any CPU
		{20A44D56-FA2E-4241-A5B8-4529AD9FACEA}.Release|Any CPU.ActiveCfg = Release|Any CPU
		{20A44D56-FA2E-4241-A5B8-4529AD9FACEA}.Release|Any CPU.Build.0 = Release|Any CPU
		{AF369513-7355-440C-BB98-C2B2F9663EDD}.Debug|Any CPU.ActiveCfg = Debug|Any CPU
		{AF369513-7355-440C-BB98-C2B2F9663EDD}.Debug|Any CPU.Build.0 = Debug|Any CPU
		{AF369513-7355-440C-BB98-C2B2F9663EDD}.Release|Any CPU.ActiveCfg = Release|Any CPU
		{AF369513-7355-440C-BB98-C2B2F9663EDD}.Release|Any CPU.Build.0 = Release|Any CPU
		{1B241756-48F0-4E8A-BD9F-D8EBE9711885}.Debug|Any CPU.ActiveCfg = Debug|x64
		{1B241756-48F0-4E8A-BD9F-D8EBE9711885}.Debug|Any CPU.Build.0 = Debug|x64
		{1B241756-48F0-4E8A-BD9F-D8EBE9711885}.Release|Any CPU.ActiveCfg = Release|x64
		{1B241756-48F0-4E8A-BD9F-D8EBE9711885}.Release|Any CPU.Build.0 = Release|x64
		{1F3B82C7-2100-4217-B8C4-936E63055565}.Debug|Any CPU.ActiveCfg = Debug|Any CPU
		{1F3B82C7-2100-4217-B8C4-936E63055565}.Debug|Any CPU.Build.0 = Debug|Any CPU
		{1F3B82C7-2100-4217-B8C4-936E63055565}.Release|Any CPU.ActiveCfg = Release|Any CPU
		{1F3B82C7-2100-4217-B8C4-936E63055565}.Release|Any CPU.Build.0 = Release|Any CPU
		{C60B93AC-8B1D-4178-96E4-D2698F2DB73A}.Debug|Any CPU.ActiveCfg = Debug|Any CPU
		{C60B93AC-8B1D-4178-96E4-D2698F2DB73A}.Debug|Any CPU.Build.0 = Debug|Any CPU
		{C60B93AC-8B1D-4178-96E4-D2698F2DB73A}.Release|Any CPU.ActiveCfg = Release|Any CPU
		{C60B93AC-8B1D-4178-96E4-D2698F2DB73A}.Release|Any CPU.Build.0 = Release|Any CPU
		{C99A57D8-3098-4645-942F-77A2510B11D9}.Debug|Any CPU.ActiveCfg = Debug|Any CPU
		{C99A57D8-3098-4645-942F-77A2510B11D9}.Debug|Any CPU.Build.0 = Debug|Any CPU
		{C99A57D8-3098-4645-942F-77A2510B11D9}.Release|Any CPU.ActiveCfg = Release|Any CPU
		{C99A57D8-3098-4645-942F-77A2510B11D9}.Release|Any CPU.Build.0 = Release|Any CPU
	EndGlobalSection
	GlobalSection(NestedProjects) = preSolution
		{2943292A-20A7-4432-B69D-4FFDB9F6CC29} = {B984D850-6C00-48F1-BC6E-071EA3890022}
		{EDF64559-1BC0-446C-8710-DF455E652783} = {B984D850-6C00-48F1-BC6E-071EA3890022}
		{AB084D14-5002-47A4-827B-15202799EDC9} = {B984D850-6C00-48F1-BC6E-071EA3890022}
		{187D6785-D550-4B19-8717-93E6055217E6} = {B984D850-6C00-48F1-BC6E-071EA3890022}
		{344D2FD5-4952-4A26-81E4-90AFCE066954} = {B984D850-6C00-48F1-BC6E-071EA3890022}
		{E0595E4C-9671-4606-AD5D-22D0B7BB40B1} = {B984D850-6C00-48F1-BC6E-071EA3890022}
		{20A44D56-FA2E-4241-A5B8-4529AD9FACEA} = {B984D850-6C00-48F1-BC6E-071EA3890022}
		{AF369513-7355-440C-BB98-C2B2F9663EDD} = {B984D850-6C00-48F1-BC6E-071EA3890022}
		{1B241756-48F0-4E8A-BD9F-D8EBE9711885} = {B984D850-6C00-48F1-BC6E-071EA3890022}
		{1F3B82C7-2100-4217-B8C4-936E63055565} = {7365C4D7-4946-437C-A5FF-04080622CAF7}
		{C60B93AC-8B1D-4178-96E4-D2698F2DB73A} = {7365C4D7-4946-437C-A5FF-04080622CAF7}
		{C99A57D8-3098-4645-942F-77A2510B11D9} = {7365C4D7-4946-437C-A5FF-04080622CAF7}
	EndGlobalSection
EndGlobal
